
Microsoft Visual Studio Solution File, Format Version 12.00
# Visual Studio Version 17
VisualStudioVersion = 17.11.35312.102
MinimumVisualStudioVersion = 10.0.40219.1
Project("{FAE04EC0-301F-11D3-BF4B-00C04F79EFBC}") = "PersonalTextRPG", "PersonalTextRPG.csproj", "{24E26622-1B50-4117-871A-0818C2B4B9BB}"
EndProject
Global
	GlobalSection(SolutionConfigurationPlatforms) = preSolution
		Debug|Any CPU = Debug|Any CPU
		Release|Any CPU = Release|Any CPU
	EndGlobalSection
	GlobalSection(ProjectConfigurationPlatforms) = postSolution
		{24E26622-1B50-4117-871A-0818C2B4B9BB}.Debug|Any CPU.ActiveCfg = Debug|Any CPU
		{24E26622-1B50-4117-871A-0818C2B4B9BB}.Debug|Any CPU.Build.0 = Debug|Any CPU
		{24E26622-1B50-4117-871A-0818C2B4B9BB}.Release|Any CPU.ActiveCfg = Release|Any CPU
		{24E26622-1B50-4117-871A-0818C2B4B9BB}.Release|Any CPU.Build.0 = Release|Any CPU
	EndGlobalSection
	GlobalSection(SolutionProperties) = preSolution
		HideSolutionNode = FALSE
	EndGlobalSection
	GlobalSection(ExtensibilityGlobals) = postSolution
		SolutionGuid = {D7ACAAE4-8F30-4966-BC73-C999046CF0AB}
	EndGlobalSection
EndGlobal
